<?xml version="1.0" encoding="utf-8"?>
<Project ToolsVersion="4.0" xmlns="http://schemas.microsoft.com/developer/msbuild/2003">
  <ItemGroup>
    <Filter Include="Source Files">
      <UniqueIdentifier>{4FC737F1-C7A5-4376-A066-2A32D752A2FF}</UniqueIdentifier>
      <Extensions>cpp;c;cc;cxx;def;odl;idl;hpj;bat;asm;asmx</Extensions>
    </Filter>
    <Filter Include="Header Files">
      <UniqueIdentifier>{93995380-89BD-4b04-88EB-625FBE52EBFB}</UniqueIdentifier>
      <Extensions>h;hh;hpp;hxx;hm;inl;inc;xsd</Extensions>
    </Filter>
    <Filter Include="Resource Files">
      <UniqueIdentifier>{67DA6AB6-F800-4c08-8B7A-83BB121AAD01}</UniqueIdentifier>
      <Extensions>rc;ico;cur;bmp;dlg;rc2;rct;bin;rgs;gif;jpg;jpeg;jpe;resx;tiff;tif;png;wav;mfcribbon-ms</Extensions>
    </Filter>
    <Filter Include="Precompiled Header">
      <UniqueIdentifier>{ab0e7af1-19c3-4074-aa74-d0b079eff9bf}</UniqueIdentifier>
    </Filter>
    <Filter Include="Systems">
      <UniqueIdentifier>{2d6b3207-5b4e-455b-a62e-c5d79dca5276}</UniqueIdentifier>
    </Filter>
    <Filter Include="Engine">
      <UniqueIdentifier>{bd8a7f01-571e-4d94-bf71-8f48dfc3aa88}</UniqueIdentifier>
    </Filter>
    <Filter Include="Graphics">
      <UniqueIdentifier>{d9a464e1-2e30-4210-b98c-259035eaa694}</UniqueIdentifier>
    </Filter>
    <Filter Include="Physics">
      <UniqueIdentifier>{09809a54-ed75-4508-9115-aabff6f4b566}</UniqueIdentifier>
    </Filter>
    <Filter Include="Component">
      <UniqueIdentifier>{e82d8280-8198-4aea-be0e-80c827b9cb9e}</UniqueIdentifier>
    </Filter>
    <Filter Include="Object">
      <UniqueIdentifier>{9704591b-0dd0-4225-9981-3b2d731e3a1c}</UniqueIdentifier>
    </Filter>
    <Filter Include="Resources">
      <UniqueIdentifier>{013cc1eb-33de-4d77-9f6f-b9f89a70234b}</UniqueIdentifier>
    </Filter>
    <Filter Include="Resource Managers">
      <UniqueIdentifier>{af60b443-f9ac-4aaf-89cb-8eb5cc53f9ae}</UniqueIdentifier>
    </Filter>
    <Filter Include="Shaders">
      <UniqueIdentifier>{bf032cb8-ad71-4cdb-ae26-97138b3cf112}</UniqueIdentifier>
    </Filter>
    <Filter Include="Signal">
      <UniqueIdentifier>{bb1ef87f-b023-4431-9d7e-2395a86b51d4}</UniqueIdentifier>
    </Filter>
    <Filter Include="Input">
      <UniqueIdentifier>{96d0bcdd-feb4-4f04-a572-5a4a045d7d85}</UniqueIdentifier>
    </Filter>
    <Filter Include="Signal\SignalChannels">
      <UniqueIdentifier>{ec1882b7-2b5f-48b5-9ea0-10354ce0f1ea}</UniqueIdentifier>
    </Filter>
    <Filter Include="Editor">
      <UniqueIdentifier>{0f94d307-1860-4efc-884e-b772a481fb0d}</UniqueIdentifier>
    </Filter>
    <Filter Include="Modules">
      <UniqueIdentifier>{a191f89e-0083-4d6c-86ad-fd21fad3465f}</UniqueIdentifier>
    </Filter>
    <Filter Include="Graphics\Primitives">
      <UniqueIdentifier>{195329fc-1691-4c37-b601-f5d2413174ac}</UniqueIdentifier>
    </Filter>
    <Filter Include="Memory Manager">
      <UniqueIdentifier>{43acbcd2-3e66-4bb8-bbe4-19d2e090888e}</UniqueIdentifier>
    </Filter>
  </ItemGroup>
  <ItemGroup>
    <ClCompile Include="main.cpp">
      <Filter>Source Files</Filter>
    </ClCompile>
    <ClCompile Include="stdafx.cpp">
      <Filter>Precompiled Header</Filter>
    </ClCompile>
    <ClCompile Include="MainEngine.cpp">
      <Filter>Engine</Filter>
    </ClCompile>
    <ClCompile Include="ObjectFactory.cpp">
      <Filter>Systems</Filter>
    </ClCompile>
    <ClCompile Include="Graphics.cpp">
      <Filter>Graphics</Filter>
    </ClCompile>
    <ClCompile Include="Texture.cpp">
      <Filter>Resources</Filter>
    </ClCompile>
    <ClCompile Include="VertexBufferObject.cpp">
      <Filter>Resources</Filter>
    </ClCompile>
    <ClCompile Include="WindowSystem.cpp">
      <Filter>Systems</Filter>
    </ClCompile>
    <ClCompile Include="GameObject.cpp">
      <Filter>Object</Filter>
    </ClCompile>
    <ClCompile Include="ObjectManager.cpp">
      <Filter>Systems</Filter>
    </ClCompile>
    <ClCompile Include="Shader.cpp">
      <Filter>Resources</Filter>
    </ClCompile>
    <ClCompile Include="ShaderManager.cpp">
      <Filter>Resource Managers</Filter>
    </ClCompile>
    <ClCompile Include="TextureManager.cpp">
      <Filter>Resource Managers</Filter>
    </ClCompile>
    <ClCompile Include="GameLogicSystem.cpp">
      <Filter>Systems</Filter>
    </ClCompile>
    <ClCompile Include="Transform.cpp">
      <Filter>Component</Filter>
    </ClCompile>
    <ClCompile Include="Render.cpp">
      <Filter>Graphics</Filter>
    </ClCompile>
    <ClCompile Include="ResourcePath.cpp">
      <Filter>Resources</Filter>
    </ClCompile>
    <ClCompile Include="tinyxml2.cpp">
      <Filter>Resource Files</Filter>
    </ClCompile>
    <ClCompile Include="SignalManager.cpp">
      <Filter>Signal</Filter>
    </ClCompile>
    <ClCompile Include="InputSignal.cpp">
      <Filter>Input</Filter>
    </ClCompile>
    <ClCompile Include="Body.cpp">
      <Filter>Physics</Filter>
    </ClCompile>
    <ClCompile Include="Physics.cpp">
      <Filter>Physics</Filter>
    </ClCompile>
    <ClCompile Include="EditorSystem.cpp">
      <Filter>Systems</Filter>
    </ClCompile>
    <ClCompile Include="imgui.cpp">
      <Filter>Editor</Filter>
    </ClCompile>
    <ClCompile Include="imgui_draw.cpp">
      <Filter>Editor</Filter>
    </ClCompile>
    <ClCompile Include="imgui_impl_glfw_gl3.cpp">
      <Filter>Editor</Filter>
    </ClCompile>
    <ClCompile Include="Watch.cpp">
      <Filter>Systems</Filter>
    </ClCompile>
    <ClCompile Include="Camera.cpp">
      <Filter>Component</Filter>
    </ClCompile>
    <ClCompile Include="Model.cpp">
      <Filter>Graphics\Primitives</Filter>
    </ClCompile>
    <ClCompile Include="Cube.cpp">
      <Filter>Graphics\Primitives</Filter>
    </ClCompile>
    <ClCompile Include="PrimitiveManager.cpp">
      <Filter>Resource Managers</Filter>
    </ClCompile>
    <ClCompile Include="Wireframe.cpp">
      <Filter>Graphics\Primitives</Filter>
    </ClCompile>
    <ClCompile Include="Primitive.cpp">
      <Filter>Graphics\Primitives</Filter>
    </ClCompile>
    <ClCompile Include="Sphere.cpp">
      <Filter>Graphics\Primitives</Filter>
    </ClCompile>
    <ClCompile Include="StandardMemoryPool.cpp">
      <Filter>Memory Manager</Filter>
    </ClCompile>
    <ClCompile Include="MemoryPool.cpp">
      <Filter>Memory Manager</Filter>
    </ClCompile>
  </ItemGroup>
  <ItemGroup>
    <ClInclude Include="System.h">
      <Filter>Systems</Filter>
    </ClInclude>
    <ClInclude Include="ComponentCreator.h">
      <Filter>Component</Filter>
    </ClInclude>
    <ClInclude Include="MainEngine.h">
      <Filter>Engine</Filter>
    </ClInclude>
    <ClInclude Include="Engine.h">
      <Filter>Engine</Filter>
    </ClInclude>
    <ClInclude Include="ObjectFactory.h">
      <Filter>Systems</Filter>
    </ClInclude>
    <ClInclude Include="ObjectManager.h">
      <Filter>Systems</Filter>
    </ClInclude>
    <ClInclude Include="Component.h">
      <Filter>Component</Filter>
    </ClInclude>
    <ClInclude Include="Graphics.h">
      <Filter>Graphics</Filter>
    </ClInclude>
    <ClInclude Include="Texture.h">
      <Filter>Resources</Filter>
    </ClInclude>
    <ClInclude Include="VertexBufferObject.h">
      <Filter>Resources</Filter>
    </ClInclude>
    <ClInclude Include="stdafx.h">
      <Filter>Precompiled Header</Filter>
    </ClInclude>
    <ClInclude Include="SystemType.h">
      <Filter>Systems</Filter>
    </ClInclude>
    <ClInclude Include="ComponentType.h">
      <Filter>Component</Filter>
    </ClInclude>
    <ClInclude Include="WindowSystem.h">
      <Filter>Systems</Filter>
    </ClInclude>
    <ClInclude Include="GameObject.h">
      <Filter>Object</Filter>
    </ClInclude>
    <ClInclude Include="Shader.h">
      <Filter>Resources</Filter>
    </ClInclude>
    <ClInclude Include="ShaderManager.h">
      <Filter>Resource Managers</Filter>
    </ClInclude>
    <ClInclude Include="TextureManager.h">
      <Filter>Resource Managers</Filter>
    </ClInclude>
    <ClInclude Include="GameLogicSystem.h">
      <Filter>Systems</Filter>
    </ClInclude>
    <ClInclude Include="EngineType.h">
      <Filter>Engine</Filter>
    </ClInclude>
    <ClInclude Include="Transform.h">
      <Filter>Component</Filter>
    </ClInclude>
    <ClInclude Include="Render.h">
      <Filter>Graphics</Filter>
    </ClInclude>
    <ClInclude Include="ResourcePath.h">
      <Filter>Resources</Filter>
    </ClInclude>
    <ClInclude Include="ResourceType.h">
      <Filter>Resources</Filter>
    </ClInclude>
    <ClInclude Include="tinyxml2.h">
      <Filter>Resource Files</Filter>
    </ClInclude>
    <ClInclude Include="SignalHandler.h">
      <Filter>Signal</Filter>
    </ClInclude>
    <ClInclude Include="SignalManager.h">
      <Filter>Signal</Filter>
    </ClInclude>
    <ClInclude Include="SignalSource.h">
      <Filter>Signal</Filter>
    </ClInclude>
    <ClInclude Include="sigslot.h">
      <Filter>Signal</Filter>
    </ClInclude>
    <ClInclude Include="InputSignal.h">
      <Filter>Input</Filter>
    </ClInclude>
    <ClInclude Include="InputType.h">
      <Filter>Input</Filter>
    </ClInclude>
    <ClInclude Include="EngineState.h">
      <Filter>Signal</Filter>
    </ClInclude>
    <ClInclude Include="CameraSignal.h">
      <Filter>Signal\SignalChannels</Filter>
    </ClInclude>
    <ClInclude Include="DebugSignal.h">
      <Filter>Signal\SignalChannels</Filter>
    </ClInclude>
    <ClInclude Include="Body.h">
      <Filter>Physics</Filter>
    </ClInclude>
    <ClInclude Include="Physics.h">
      <Filter>Physics</Filter>
    </ClInclude>
    <ClInclude Include="PhysicsState.h">
      <Filter>Physics</Filter>
    </ClInclude>
    <ClInclude Include="EditorSystem.h">
      <Filter>Systems</Filter>
    </ClInclude>
    <ClInclude Include="imconfig.h">
      <Filter>Editor</Filter>
    </ClInclude>
    <ClInclude Include="imgui.h">
      <Filter>Editor</Filter>
    </ClInclude>
    <ClInclude Include="imgui_impl_glfw_gl3.h">
      <Filter>Editor</Filter>
    </ClInclude>
    <ClInclude Include="imgui_internal.h">
      <Filter>Editor</Filter>
    </ClInclude>
    <ClInclude Include="Watch.h">
      <Filter>Systems</Filter>
    </ClInclude>
    <ClInclude Include="Camera.h">
      <Filter>Component</Filter>
    </ClInclude>
    <ClInclude Include="Primitive.h">
      <Filter>Graphics\Primitives</Filter>
    </ClInclude>
    <ClInclude Include="Model.h">
      <Filter>Graphics\Primitives</Filter>
    </ClInclude>
    <ClInclude Include="WireFrame.h">
      <Filter>Graphics\Primitives</Filter>
    </ClInclude>
    <ClInclude Include="Cube.h">
      <Filter>Graphics\Primitives</Filter>
    </ClInclude>
    <ClInclude Include="Sphere.h">
      <Filter>Graphics\Primitives</Filter>
    </ClInclude>
    <ClInclude Include="PrimitiveManager.h">
      <Filter>Resource Managers</Filter>
    </ClInclude>
    <ClInclude Include="MemoryPool.h">
      <Filter>Memory Manager</Filter>
    </ClInclude>
    <ClInclude Include="StandardMemoryPool.h">
      <Filter>Memory Manager</Filter>
    </ClInclude>
  </ItemGroup>
  <ItemGroup>
    <None Include="resources\shaders\normal.frag">
      <Filter>Shaders</Filter>
    </None>
    <None Include="resources\shaders\normal.vert">
      <Filter>Shaders</Filter>
    </None>
    <None Include="imgui.ini">
      <Filter>Editor</Filter>
    </None>
    <None Include="SmashEngine.licenseheader" />
  </ItemGroup>
</Project>